
Microsoft Visual Studio Solution File, Format Version 12.00
# Visual Studio Version 16
VisualStudioVersion = 16.0.28714.193
MinimumVisualStudioVersion = 10.0.40219.1
Project("{FAE04EC0-301F-11D3-BF4B-00C04F79EFBC}") = "FrameworkOptionsPatternExample", "FrameworkOptionsPatternExample\FrameworkOptionsPatternExample.csproj", "{670CF8D0-B2D9-4E12-91D9-D2F76F7CF602}"
EndProject
Global
	GlobalSection(SolutionConfigurationPlatforms) = preSolution
		Debug|Any CPU = Debug|Any CPU
		Release|Any CPU = Release|Any CPU
	EndGlobalSection
	GlobalSection(ProjectConfigurationPlatforms) = postSolution
		{670CF8D0-B2D9-4E12-91D9-D2F76F7CF602}.Debug|Any CPU.ActiveCfg = Debug|Any CPU
		{670CF8D0-B2D9-4E12-91D9-D2F76F7CF602}.Debug|Any CPU.Build.0 = Debug|Any CPU
		{670CF8D0-B2D9-4E12-91D9-D2F76F7CF602}.Release|Any CPU.ActiveCfg = Release|Any CPU
		{670CF8D0-B2D9-4E12-91D9-D2F76F7CF602}.Release|Any CPU.Build.0 = Release|Any CPU
	EndGlobalSection
	GlobalSection(SolutionProperties) = preSolution
		HideSolutionNode = FALSE
	EndGlobalSection
	GlobalSection(ExtensibilityGlobals) = postSolution
		SolutionGuid = {FCA29278-303F-4659-8D5C-D8998A540EB4}
	EndGlobalSection
EndGlobal
