
Microsoft Visual Studio Solution File, Format Version 12.00
# Visual Studio Version 16
VisualStudioVersion = 16.0.29009.5
MinimumVisualStudioVersion = 10.0.40219.1
Project("{FAE04EC0-301F-11D3-BF4B-00C04F79EFBC}") = "DiyConfigExample", "DiyConfigExample.csproj", "{B75E5D6F-9026-48AD-BBB9-D719160E721F}"
EndProject
Global
	GlobalSection(SolutionConfigurationPlatforms) = preSolution
		Debug|Any CPU = Debug|Any CPU
		Release|Any CPU = Release|Any CPU
	EndGlobalSection
	GlobalSection(ProjectConfigurationPlatforms) = postSolution
		{B75E5D6F-9026-48AD-BBB9-D719160E721F}.Debug|Any CPU.ActiveCfg = Debug|Any CPU
		{B75E5D6F-9026-48AD-BBB9-D719160E721F}.Debug|Any CPU.Build.0 = Debug|Any CPU
		{B75E5D6F-9026-48AD-BBB9-D719160E721F}.Release|Any CPU.ActiveCfg = Release|Any CPU
		{B75E5D6F-9026-48AD-BBB9-D719160E721F}.Release|Any CPU.Build.0 = Release|Any CPU
	EndGlobalSection
	GlobalSection(SolutionProperties) = preSolution
		HideSolutionNode = FALSE
	EndGlobalSection
	GlobalSection(ExtensibilityGlobals) = postSolution
		SolutionGuid = {086EE7A9-ECD3-46B5-944F-C9150F6BA045}
	EndGlobalSection
EndGlobal
